// !$*UTF8*$!
{
	archiveVersion = 1;
	classes = {
	};
	objectVersion = 46;
	objects = {

/* Begin PBXBuildFile section */
		76A2547B1EF3B0A100D5A72D /* KVOThreeViewController.m in Sources */ = {isa = PBXBuildFile; fileRef = 76A2547A1EF3B0A100D5A72D /* KVOThreeViewController.m */; };
		76A2547E1EF3B17800D5A72D /* KVOFourViewController.m in Sources */ = {isa = PBXBuildFile; fileRef = 76A2547D1EF3B17800D5A72D /* KVOFourViewController.m */; };
		76A254811EF3B53700D5A72D /* KVOFiveViewController.m in Sources */ = {isa = PBXBuildFile; fileRef = 76A254801EF3B53700D5A72D /* KVOFiveViewController.m */; };
		76A254841EF3B54600D5A72D /* KVOSixViewController.m in Sources */ = {isa = PBXBuildFile; fileRef = 76A254831EF3B54600D5A72D /* KVOSixViewController.m */; };
		76B6F1661E2F67F50065BB3C /* main.m in Sources */ = {isa = PBXBuildFile; fileRef = 76B6F1651E2F67F50065BB3C /* main.m */; };
		76B6F1691E2F67F50065BB3C /* AppDelegate.m in Sources */ = {isa = PBXBuildFile; fileRef = 76B6F1681E2F67F50065BB3C /* AppDelegate.m */; };
		76B6F16C1E2F67F50065BB3C /* ViewController.m in Sources */ = {isa = PBXBuildFile; fileRef = 76B6F16B1E2F67F50065BB3C /* ViewController.m */; };
		76B6F16F1E2F67F50065BB3C /* Main.storyboard in Resources */ = {isa = PBXBuildFile; fileRef = 76B6F16D1E2F67F50065BB3C /* Main.storyboard */; };
		76B6F1711E2F67F50065BB3C /* Assets.xcassets in Resources */ = {isa = PBXBuildFile; fileRef = 76B6F1701E2F67F50065BB3C /* Assets.xcassets */; };
		76B6F1741E2F67F50065BB3C /* LaunchScreen.storyboard in Resources */ = {isa = PBXBuildFile; fileRef = 76B6F1721E2F67F50065BB3C /* LaunchScreen.storyboard */; };
		76B6F1911E2F68350065BB3C /* NSArray+LCXCrashExtension.m in Sources */ = {isa = PBXBuildFile; fileRef = 76B6F17E1E2F68350065BB3C /* NSArray+LCXCrashExtension.m */; settings = {COMPILER_FLAGS = "-fno-objc-arc"; }; };
		76B6F1921E2F68350065BB3C /* NSAttributedString+LCXCrashExtension.m in Sources */ = {isa = PBXBuildFile; fileRef = 76B6F1801E2F68350065BB3C /* NSAttributedString+LCXCrashExtension.m */; settings = {COMPILER_FLAGS = "-fno-objc-arc"; }; };
		76B6F1931E2F68350065BB3C /* NSMutableArray+LCXCrashExtension.m in Sources */ = {isa = PBXBuildFile; fileRef = 76B6F1821E2F68350065BB3C /* NSMutableArray+LCXCrashExtension.m */; settings = {COMPILER_FLAGS = "-fno-objc-arc"; }; };
		76B6F1941E2F68350065BB3C /* NSMutableDictionary+LCXCrashExtension.m in Sources */ = {isa = PBXBuildFile; fileRef = 76B6F1841E2F68350065BB3C /* NSMutableDictionary+LCXCrashExtension.m */; settings = {COMPILER_FLAGS = "-fno-objc-arc"; }; };
		76B6F1951E2F68350065BB3C /* NSObject+LCXCrashExtension.m in Sources */ = {isa = PBXBuildFile; fileRef = 76B6F1861E2F68350065BB3C /* NSObject+LCXCrashExtension.m */; settings = {COMPILER_FLAGS = "-fno-objc-arc"; }; };
		76B6F1961E2F68350065BB3C /* NSString+LCXCrashExtension.m in Sources */ = {isa = PBXBuildFile; fileRef = 76B6F1881E2F68350065BB3C /* NSString+LCXCrashExtension.m */; settings = {COMPILER_FLAGS = "-fno-objc-arc"; }; };
		76B6F1971E2F68350065BB3C /* NSArray+LCXProtecteExtension.m in Sources */ = {isa = PBXBuildFile; fileRef = 76B6F18C1E2F68350065BB3C /* NSArray+LCXProtecteExtension.m */; settings = {COMPILER_FLAGS = "-fno-objc-arc"; }; };
		76B6F1981E2F68350065BB3C /* NSDictionary+LCXProtecteExtension.m in Sources */ = {isa = PBXBuildFile; fileRef = 76B6F18E1E2F68350065BB3C /* NSDictionary+LCXProtecteExtension.m */; settings = {COMPILER_FLAGS = "-fno-objc-arc"; }; };
		76B6F1991E2F68350065BB3C /* NSString+LCXProtecteExtension.m in Sources */ = {isa = PBXBuildFile; fileRef = 76B6F1901E2F68350065BB3C /* NSString+LCXProtecteExtension.m */; settings = {COMPILER_FLAGS = "-fno-objc-arc"; }; };
		76BD3D3B1E6BABE400D58D9F /* UINavigationController+LCXCrashExtension.m in Sources */ = {isa = PBXBuildFile; fileRef = 76BD3D3A1E6BABE400D58D9F /* UINavigationController+LCXCrashExtension.m */; settings = {COMPILER_FLAGS = "-fno-objc-arc"; }; };
		76BD3D411E6BBACC00D58D9F /* NSSet+LCXCrashExtension.m in Sources */ = {isa = PBXBuildFile; fileRef = 76BD3D401E6BBACC00D58D9F /* NSSet+LCXCrashExtension.m */; };
		76BD3D441E6BBB7A00D58D9F /* NSMutableSet+LCXCrashExtension.m in Sources */ = {isa = PBXBuildFile; fileRef = 76BD3D431E6BBB7A00D58D9F /* NSMutableSet+LCXCrashExtension.m */; };
		76BD3D471E6BBC7E00D58D9F /* NSUserDefaults+LCXCrashExtension.m in Sources */ = {isa = PBXBuildFile; fileRef = 76BD3D461E6BBC7E00D58D9F /* NSUserDefaults+LCXCrashExtension.m */; };
		FC8319CD1EF2FBBA002BBC95 /* CrashKVOViewController.m in Sources */ = {isa = PBXBuildFile; fileRef = FC8319BA1EF2FBBA002BBC95 /* CrashKVOViewController.m */; };
		FC8319CE1EF2FBBA002BBC95 /* CrashPushViewController.m in Sources */ = {isa = PBXBuildFile; fileRef = FC8319BD1EF2FBBA002BBC95 /* CrashPushViewController.m */; };
		FC8319CF1EF2FBBA002BBC95 /* CrashArrayTableViewController.m in Sources */ = {isa = PBXBuildFile; fileRef = FC8319C01EF2FBBA002BBC95 /* CrashArrayTableViewController.m */; };
		FC8319D01EF2FBBA002BBC95 /* CrashDictTableViewController.m in Sources */ = {isa = PBXBuildFile; fileRef = FC8319C21EF2FBBA002BBC95 /* CrashDictTableViewController.m */; };
		FC8319D11EF2FBBA002BBC95 /* CrashNSStringTableViewController.m in Sources */ = {isa = PBXBuildFile; fileRef = FC8319C41EF2FBBA002BBC95 /* CrashNSStringTableViewController.m */; };
		FC8319D21EF2FBBA002BBC95 /* CrashScopeViewController.m in Sources */ = {isa = PBXBuildFile; fileRef = FC8319C61EF2FBBA002BBC95 /* CrashScopeViewController.m */; };
		FC8319D31EF2FBBA002BBC95 /* CrashThreadViewController.m in Sources */ = {isa = PBXBuildFile; fileRef = FC8319C91EF2FBBA002BBC95 /* CrashThreadViewController.m */; };
		FC8319D41EF2FBBA002BBC95 /* ProtecTableViewController.m in Sources */ = {isa = PBXBuildFile; fileRef = FC8319CC1EF2FBBA002BBC95 /* ProtecTableViewController.m */; };
		FC8319DC1EF2FC41002BBC95 /* UIViewController+Switcher.m in Sources */ = {isa = PBXBuildFile; fileRef = FC8319DA1EF2FC41002BBC95 /* UIViewController+Switcher.m */; };
		FC8319E51EF35194002BBC95 /* KVOTwoViewController.m in Sources */ = {isa = PBXBuildFile; fileRef = FC8319E41EF35194002BBC95 /* KVOTwoViewController.m */; };
		FC8319E81EF35375002BBC95 /* KVOModel.m in Sources */ = {isa = PBXBuildFile; fileRef = FC8319E71EF35375002BBC95 /* KVOModel.m */; };
		FC8319EB1EF356AC002BBC95 /* KVOOneViewController.m in Sources */ = {isa = PBXBuildFile; fileRef = FC8319EA1EF356AC002BBC95 /* KVOOneViewController.m */; };
		FC8319EE1EF3598A002BBC95 /* TestModel.m in Sources */ = {isa = PBXBuildFile; fileRef = FC8319ED1EF3598A002BBC95 /* TestModel.m */; };
		FC8319F11EF35AB0002BBC95 /* KVOProtectViewController.m in Sources */ = {isa = PBXBuildFile; fileRef = FC8319F01EF35AB0002BBC95 /* KVOProtectViewController.m */; };
/* End PBXBuildFile section */

/* Begin PBXFileReference section */
		76A254791EF3B0A100D5A72D /* KVOThreeViewController.h */ = {isa = PBXFileReference; fileEncoding = 4; lastKnownFileType = sourcecode.c.h; path = KVOThreeViewController.h; sourceTree = "<group>"; };
		76A2547A1EF3B0A100D5A72D /* KVOThreeViewController.m */ = {isa = PBXFileReference; fileEncoding = 4; lastKnownFileType = sourcecode.c.objc; path = KVOThreeViewController.m; sourceTree = "<group>"; };
		76A2547C1EF3B17800D5A72D /* KVOFourViewController.h */ = {isa = PBXFileReference; fileEncoding = 4; lastKnownFileType = sourcecode.c.h; path = KVOFourViewController.h; sourceTree = "<group>"; };
		76A2547D1EF3B17800D5A72D /* KVOFourViewController.m */ = {isa = PBXFileReference; fileEncoding = 4; lastKnownFileType = sourcecode.c.objc; path = KVOFourViewController.m; sourceTree = "<group>"; };
		76A2547F1EF3B53700D5A72D /* KVOFiveViewController.h */ = {isa = PBXFileReference; fileEncoding = 4; lastKnownFileType = sourcecode.c.h; path = KVOFiveViewController.h; sourceTree = "<group>"; };
		76A254801EF3B53700D5A72D /* KVOFiveViewController.m */ = {isa = PBXFileReference; fileEncoding = 4; lastKnownFileType = sourcecode.c.objc; path = KVOFiveViewController.m; sourceTree = "<group>"; };
		76A254821EF3B54600D5A72D /* KVOSixViewController.h */ = {isa = PBXFileReference; fileEncoding = 4; lastKnownFileType = sourcecode.c.h; path = KVOSixViewController.h; sourceTree = "<group>"; };
		76A254831EF3B54600D5A72D /* KVOSixViewController.m */ = {isa = PBXFileReference; fileEncoding = 4; lastKnownFileType = sourcecode.c.objc; path = KVOSixViewController.m; sourceTree = "<group>"; };
		76B6F1611E2F67F50065BB3C /* LCXCrashExtension.app */ = {isa = PBXFileReference; explicitFileType = wrapper.application; includeInIndex = 0; path = LCXCrashExtension.app; sourceTree = BUILT_PRODUCTS_DIR; };
		76B6F1651E2F67F50065BB3C /* main.m */ = {isa = PBXFileReference; lastKnownFileType = sourcecode.c.objc; path = main.m; sourceTree = "<group>"; };
		76B6F1671E2F67F50065BB3C /* AppDelegate.h */ = {isa = PBXFileReference; lastKnownFileType = sourcecode.c.h; path = AppDelegate.h; sourceTree = "<group>"; };
		76B6F1681E2F67F50065BB3C /* AppDelegate.m */ = {isa = PBXFileReference; lastKnownFileType = sourcecode.c.objc; path = AppDelegate.m; sourceTree = "<group>"; };
		76B6F16A1E2F67F50065BB3C /* ViewController.h */ = {isa = PBXFileReference; lastKnownFileType = sourcecode.c.h; path = ViewController.h; sourceTree = "<group>"; };
		76B6F16B1E2F67F50065BB3C /* ViewController.m */ = {isa = PBXFileReference; lastKnownFileType = sourcecode.c.objc; path = ViewController.m; sourceTree = "<group>"; };
		76B6F16E1E2F67F50065BB3C /* Base */ = {isa = PBXFileReference; lastKnownFileType = file.storyboard; name = Base; path = Base.lproj/Main.storyboard; sourceTree = "<group>"; };
		76B6F1701E2F67F50065BB3C /* Assets.xcassets */ = {isa = PBXFileReference; lastKnownFileType = folder.assetcatalog; path = Assets.xcassets; sourceTree = "<group>"; };
		76B6F1731E2F67F50065BB3C /* Base */ = {isa = PBXFileReference; lastKnownFileType = file.storyboard; name = Base; path = Base.lproj/LaunchScreen.storyboard; sourceTree = "<group>"; };
		76B6F1751E2F67F50065BB3C /* Info.plist */ = {isa = PBXFileReference; lastKnownFileType = text.plist.xml; path = Info.plist; sourceTree = "<group>"; };
		76B6F17D1E2F68350065BB3C /* NSArray+LCXCrashExtension.h */ = {isa = PBXFileReference; fileEncoding = 4; lastKnownFileType = sourcecode.c.h; path = "NSArray+LCXCrashExtension.h"; sourceTree = "<group>"; };
		76B6F17E1E2F68350065BB3C /* NSArray+LCXCrashExtension.m */ = {isa = PBXFileReference; fileEncoding = 4; lastKnownFileType = sourcecode.c.objc; path = "NSArray+LCXCrashExtension.m"; sourceTree = "<group>"; };
		76B6F17F1E2F68350065BB3C /* NSAttributedString+LCXCrashExtension.h */ = {isa = PBXFileReference; fileEncoding = 4; lastKnownFileType = sourcecode.c.h; path = "NSAttributedString+LCXCrashExtension.h"; sourceTree = "<group>"; };
		76B6F1801E2F68350065BB3C /* NSAttributedString+LCXCrashExtension.m */ = {isa = PBXFileReference; fileEncoding = 4; lastKnownFileType = sourcecode.c.objc; path = "NSAttributedString+LCXCrashExtension.m"; sourceTree = "<group>"; };
		76B6F1811E2F68350065BB3C /* NSMutableArray+LCXCrashExtension.h */ = {isa = PBXFileReference; fileEncoding = 4; lastKnownFileType = sourcecode.c.h; path = "NSMutableArray+LCXCrashExtension.h"; sourceTree = "<group>"; };
		76B6F1821E2F68350065BB3C /* NSMutableArray+LCXCrashExtension.m */ = {isa = PBXFileReference; fileEncoding = 4; lastKnownFileType = sourcecode.c.objc; path = "NSMutableArray+LCXCrashExtension.m"; sourceTree = "<group>"; };
		76B6F1831E2F68350065BB3C /* NSMutableDictionary+LCXCrashExtension.h */ = {isa = PBXFileReference; fileEncoding = 4; lastKnownFileType = sourcecode.c.h; path = "NSMutableDictionary+LCXCrashExtension.h"; sourceTree = "<group>"; };
		76B6F1841E2F68350065BB3C /* NSMutableDictionary+LCXCrashExtension.m */ = {isa = PBXFileReference; fileEncoding = 4; lastKnownFileType = sourcecode.c.objc; path = "NSMutableDictionary+LCXCrashExtension.m"; sourceTree = "<group>"; };
		76B6F1851E2F68350065BB3C /* NSObject+LCXCrashExtension.h */ = {isa = PBXFileReference; fileEncoding = 4; lastKnownFileType = sourcecode.c.h; path = "NSObject+LCXCrashExtension.h"; sourceTree = "<group>"; };
		76B6F1861E2F68350065BB3C /* NSObject+LCXCrashExtension.m */ = {isa = PBXFileReference; fileEncoding = 4; lastKnownFileType = sourcecode.c.objc; path = "NSObject+LCXCrashExtension.m"; sourceTree = "<group>"; };
		76B6F1871E2F68350065BB3C /* NSString+LCXCrashExtension.h */ = {isa = PBXFileReference; fileEncoding = 4; lastKnownFileType = sourcecode.c.h; path = "NSString+LCXCrashExtension.h"; sourceTree = "<group>"; };
		76B6F1881E2F68350065BB3C /* NSString+LCXCrashExtension.m */ = {isa = PBXFileReference; fileEncoding = 4; lastKnownFileType = sourcecode.c.objc; path = "NSString+LCXCrashExtension.m"; sourceTree = "<group>"; };
		76B6F18A1E2F68350065BB3C /* LCXProtectCenter.h */ = {isa = PBXFileReference; fileEncoding = 4; lastKnownFileType = sourcecode.c.h; path = LCXProtectCenter.h; sourceTree = "<group>"; };
		76B6F18B1E2F68350065BB3C /* NSArray+LCXProtecteExtension.h */ = {isa = PBXFileReference; fileEncoding = 4; lastKnownFileType = sourcecode.c.h; path = "NSArray+LCXProtecteExtension.h"; sourceTree = "<group>"; };
		76B6F18C1E2F68350065BB3C /* NSArray+LCXProtecteExtension.m */ = {isa = PBXFileReference; fileEncoding = 4; lastKnownFileType = sourcecode.c.objc; path = "NSArray+LCXProtecteExtension.m"; sourceTree = "<group>"; };
		76B6F18D1E2F68350065BB3C /* NSDictionary+LCXProtecteExtension.h */ = {isa = PBXFileReference; fileEncoding = 4; lastKnownFileType = sourcecode.c.h; path = "NSDictionary+LCXProtecteExtension.h"; sourceTree = "<group>"; };
		76B6F18E1E2F68350065BB3C /* NSDictionary+LCXProtecteExtension.m */ = {isa = PBXFileReference; fileEncoding = 4; lastKnownFileType = sourcecode.c.objc; path = "NSDictionary+LCXProtecteExtension.m"; sourceTree = "<group>"; };
		76B6F18F1E2F68350065BB3C /* NSString+LCXProtecteExtension.h */ = {isa = PBXFileReference; fileEncoding = 4; lastKnownFileType = sourcecode.c.h; path = "NSString+LCXProtecteExtension.h"; sourceTree = "<group>"; };
		76B6F1901E2F68350065BB3C /* NSString+LCXProtecteExtension.m */ = {isa = PBXFileReference; fileEncoding = 4; lastKnownFileType = sourcecode.c.objc; path = "NSString+LCXProtecteExtension.m"; sourceTree = "<group>"; };
		76BD3D391E6BABE400D58D9F /* UINavigationController+LCXCrashExtension.h */ = {isa = PBXFileReference; fileEncoding = 4; lastKnownFileType = sourcecode.c.h; path = "UINavigationController+LCXCrashExtension.h"; sourceTree = "<group>"; };
		76BD3D3A1E6BABE400D58D9F /* UINavigationController+LCXCrashExtension.m */ = {isa = PBXFileReference; fileEncoding = 4; lastKnownFileType = sourcecode.c.objc; path = "UINavigationController+LCXCrashExtension.m"; sourceTree = "<group>"; };
		76BD3D3F1E6BBACC00D58D9F /* NSSet+LCXCrashExtension.h */ = {isa = PBXFileReference; fileEncoding = 4; lastKnownFileType = sourcecode.c.h; path = "NSSet+LCXCrashExtension.h"; sourceTree = "<group>"; };
		76BD3D401E6BBACC00D58D9F /* NSSet+LCXCrashExtension.m */ = {isa = PBXFileReference; fileEncoding = 4; lastKnownFileType = sourcecode.c.objc; path = "NSSet+LCXCrashExtension.m"; sourceTree = "<group>"; };
		76BD3D421E6BBB7A00D58D9F /* NSMutableSet+LCXCrashExtension.h */ = {isa = PBXFileReference; fileEncoding = 4; lastKnownFileType = sourcecode.c.h; path = "NSMutableSet+LCXCrashExtension.h"; sourceTree = "<group>"; };
		76BD3D431E6BBB7A00D58D9F /* NSMutableSet+LCXCrashExtension.m */ = {isa = PBXFileReference; fileEncoding = 4; lastKnownFileType = sourcecode.c.objc; path = "NSMutableSet+LCXCrashExtension.m"; sourceTree = "<group>"; };
		76BD3D451E6BBC7E00D58D9F /* NSUserDefaults+LCXCrashExtension.h */ = {isa = PBXFileReference; fileEncoding = 4; lastKnownFileType = sourcecode.c.h; path = "NSUserDefaults+LCXCrashExtension.h"; sourceTree = "<group>"; };
		76BD3D461E6BBC7E00D58D9F /* NSUserDefaults+LCXCrashExtension.m */ = {isa = PBXFileReference; fileEncoding = 4; lastKnownFileType = sourcecode.c.objc; path = "NSUserDefaults+LCXCrashExtension.m"; sourceTree = "<group>"; };
		FC8319B91EF2FBBA002BBC95 /* CrashKVOViewController.h */ = {isa = PBXFileReference; fileEncoding = 4; lastKnownFileType = sourcecode.c.h; path = CrashKVOViewController.h; sourceTree = "<group>"; };
		FC8319BA1EF2FBBA002BBC95 /* CrashKVOViewController.m */ = {isa = PBXFileReference; fileEncoding = 4; lastKnownFileType = sourcecode.c.objc; path = CrashKVOViewController.m; sourceTree = "<group>"; };
		FC8319BC1EF2FBBA002BBC95 /* CrashPushViewController.h */ = {isa = PBXFileReference; fileEncoding = 4; lastKnownFileType = sourcecode.c.h; path = CrashPushViewController.h; sourceTree = "<group>"; };
		FC8319BD1EF2FBBA002BBC95 /* CrashPushViewController.m */ = {isa = PBXFileReference; fileEncoding = 4; lastKnownFileType = sourcecode.c.objc; path = CrashPushViewController.m; sourceTree = "<group>"; };
		FC8319BF1EF2FBBA002BBC95 /* CrashArrayTableViewController.h */ = {isa = PBXFileReference; fileEncoding = 4; lastKnownFileType = sourcecode.c.h; path = CrashArrayTableViewController.h; sourceTree = "<group>"; };
		FC8319C01EF2FBBA002BBC95 /* CrashArrayTableViewController.m */ = {isa = PBXFileReference; fileEncoding = 4; lastKnownFileType = sourcecode.c.objc; path = CrashArrayTableViewController.m; sourceTree = "<group>"; };
		FC8319C11EF2FBBA002BBC95 /* CrashDictTableViewController.h */ = {isa = PBXFileReference; fileEncoding = 4; lastKnownFileType = sourcecode.c.h; path = CrashDictTableViewController.h; sourceTree = "<group>"; };
		FC8319C21EF2FBBA002BBC95 /* CrashDictTableViewController.m */ = {isa = PBXFileReference; fileEncoding = 4; lastKnownFileType = sourcecode.c.objc; path = CrashDictTableViewController.m; sourceTree = "<group>"; };
		FC8319C31EF2FBBA002BBC95 /* CrashNSStringTableViewController.h */ = {isa = PBXFileReference; fileEncoding = 4; lastKnownFileType = sourcecode.c.h; path = CrashNSStringTableViewController.h; sourceTree = "<group>"; };
		FC8319C41EF2FBBA002BBC95 /* CrashNSStringTableViewController.m */ = {isa = PBXFileReference; fileEncoding = 4; lastKnownFileType = sourcecode.c.objc; path = CrashNSStringTableViewController.m; sourceTree = "<group>"; };
		FC8319C51EF2FBBA002BBC95 /* CrashScopeViewController.h */ = {isa = PBXFileReference; fileEncoding = 4; lastKnownFileType = sourcecode.c.h; path = CrashScopeViewController.h; sourceTree = "<group>"; };
		FC8319C61EF2FBBA002BBC95 /* CrashScopeViewController.m */ = {isa = PBXFileReference; fileEncoding = 4; lastKnownFileType = sourcecode.c.objc; path = CrashScopeViewController.m; sourceTree = "<group>"; };
		FC8319C81EF2FBBA002BBC95 /* CrashThreadViewController.h */ = {isa = PBXFileReference; fileEncoding = 4; lastKnownFileType = sourcecode.c.h; path = CrashThreadViewController.h; sourceTree = "<group>"; };
		FC8319C91EF2FBBA002BBC95 /* CrashThreadViewController.m */ = {isa = PBXFileReference; fileEncoding = 4; lastKnownFileType = sourcecode.c.objc; path = CrashThreadViewController.m; sourceTree = "<group>"; };
		FC8319CB1EF2FBBA002BBC95 /* ProtecTableViewController.h */ = {isa = PBXFileReference; fileEncoding = 4; lastKnownFileType = sourcecode.c.h; path = ProtecTableViewController.h; sourceTree = "<group>"; };
		FC8319CC1EF2FBBA002BBC95 /* ProtecTableViewController.m */ = {isa = PBXFileReference; fileEncoding = 4; lastKnownFileType = sourcecode.c.objc; path = ProtecTableViewController.m; sourceTree = "<group>"; };
		FC8319D81EF2FC41002BBC95 /* PrefixHeader.pch */ = {isa = PBXFileReference; fileEncoding = 4; lastKnownFileType = sourcecode.c.h; path = PrefixHeader.pch; sourceTree = "<group>"; };
		FC8319D91EF2FC41002BBC95 /* UIViewController+Switcher.h */ = {isa = PBXFileReference; fileEncoding = 4; lastKnownFileType = sourcecode.c.h; path = "UIViewController+Switcher.h"; sourceTree = "<group>"; };
		FC8319DA1EF2FC41002BBC95 /* UIViewController+Switcher.m */ = {isa = PBXFileReference; fileEncoding = 4; lastKnownFileType = sourcecode.c.objc; path = "UIViewController+Switcher.m"; sourceTree = "<group>"; };
		FC8319E31EF35194002BBC95 /* KVOTwoViewController.h */ = {isa = PBXFileReference; fileEncoding = 4; lastKnownFileType = sourcecode.c.h; path = KVOTwoViewController.h; sourceTree = "<group>"; };
		FC8319E41EF35194002BBC95 /* KVOTwoViewController.m */ = {isa = PBXFileReference; fileEncoding = 4; lastKnownFileType = sourcecode.c.objc; path = KVOTwoViewController.m; sourceTree = "<group>"; };
		FC8319E61EF35375002BBC95 /* KVOModel.h */ = {isa = PBXFileReference; fileEncoding = 4; lastKnownFileType = sourcecode.c.h; path = KVOModel.h; sourceTree = "<group>"; };
		FC8319E71EF35375002BBC95 /* KVOModel.m */ = {isa = PBXFileReference; fileEncoding = 4; lastKnownFileType = sourcecode.c.objc; path = KVOModel.m; sourceTree = "<group>"; };
		FC8319E91EF356AC002BBC95 /* KVOOneViewController.h */ = {isa = PBXFileReference; fileEncoding = 4; lastKnownFileType = sourcecode.c.h; path = KVOOneViewController.h; sourceTree = "<group>"; };
		FC8319EA1EF356AC002BBC95 /* KVOOneViewController.m */ = {isa = PBXFileReference; fileEncoding = 4; lastKnownFileType = sourcecode.c.objc; path = KVOOneViewController.m; sourceTree = "<group>"; };
		FC8319EC1EF3598A002BBC95 /* TestModel.h */ = {isa = PBXFileReference; fileEncoding = 4; lastKnownFileType = sourcecode.c.h; path = TestModel.h; sourceTree = "<group>"; };
		FC8319ED1EF3598A002BBC95 /* TestModel.m */ = {isa = PBXFileReference; fileEncoding = 4; lastKnownFileType = sourcecode.c.objc; path = TestModel.m; sourceTree = "<group>"; };
		FC8319EF1EF35AB0002BBC95 /* KVOProtectViewController.h */ = {isa = PBXFileReference; fileEncoding = 4; lastKnownFileType = sourcecode.c.h; path = KVOProtectViewController.h; sourceTree = "<group>"; };
		FC8319F01EF35AB0002BBC95 /* KVOProtectViewController.m */ = {isa = PBXFileReference; fileEncoding = 4; lastKnownFileType = sourcecode.c.objc; path = KVOProtectViewController.m; sourceTree = "<group>"; };
/* End PBXFileReference section */

/* Begin PBXFrameworksBuildPhase section */
		76B6F15E1E2F67F50065BB3C /* Frameworks */ = {
			isa = PBXFrameworksBuildPhase;
			buildActionMask = 2147483647;
			files = (
			);
			runOnlyForDeploymentPostprocessing = 0;
		};
/* End PBXFrameworksBuildPhase section */

/* Begin PBXGroup section */
		76B6F1581E2F67F50065BB3C = {
			isa = PBXGroup;
			children = (
				76B6F1631E2F67F50065BB3C /* LCXCrashExtension */,
				76B6F1621E2F67F50065BB3C /* Products */,
			);
			sourceTree = "<group>";
		};
		76B6F1621E2F67F50065BB3C /* Products */ = {
			isa = PBXGroup;
			children = (
				76B6F1611E2F67F50065BB3C /* LCXCrashExtension.app */,
			);
			name = Products;
			sourceTree = "<group>";
		};
		76B6F1631E2F67F50065BB3C /* LCXCrashExtension */ = {
			isa = PBXGroup;
			children = (
				76B6F17B1E2F68350065BB3C /* LCXCashExtension */,
				FC8319D51EF2FBC7002BBC95 /* Demo */,
			);
			path = LCXCrashExtension;
			sourceTree = "<group>";
		};
		76B6F1641E2F67F50065BB3C /* Supporting Files */ = {
			isa = PBXGroup;
			children = (
				76B6F16D1E2F67F50065BB3C /* Main.storyboard */,
				76B6F1701E2F67F50065BB3C /* Assets.xcassets */,
				76B6F1721E2F67F50065BB3C /* LaunchScreen.storyboard */,
				76B6F1751E2F67F50065BB3C /* Info.plist */,
				76B6F1651E2F67F50065BB3C /* main.m */,
			);
			name = "Supporting Files";
			sourceTree = "<group>";
		};
		76B6F17B1E2F68350065BB3C /* LCXCashExtension */ = {
			isa = PBXGroup;
			children = (
				76B6F17C1E2F68350065BB3C /* LCXCrashExtension */,
				76B6F1891E2F68350065BB3C /* LCXProtectExtension */,
			);
			name = LCXCashExtension;
			path = ../../LCXCashExtension;
			sourceTree = "<group>";
		};
		76B6F17C1E2F68350065BB3C /* LCXCrashExtension */ = {
			isa = PBXGroup;
			children = (
				76BD3D391E6BABE400D58D9F /* UINavigationController+LCXCrashExtension.h */,
				76BD3D3A1E6BABE400D58D9F /* UINavigationController+LCXCrashExtension.m */,
				76B6F17D1E2F68350065BB3C /* NSArray+LCXCrashExtension.h */,
				76B6F17E1E2F68350065BB3C /* NSArray+LCXCrashExtension.m */,
				76BD3D3F1E6BBACC00D58D9F /* NSSet+LCXCrashExtension.h */,
				76BD3D401E6BBACC00D58D9F /* NSSet+LCXCrashExtension.m */,
				76BD3D421E6BBB7A00D58D9F /* NSMutableSet+LCXCrashExtension.h */,
				76BD3D431E6BBB7A00D58D9F /* NSMutableSet+LCXCrashExtension.m */,
				76BD3D451E6BBC7E00D58D9F /* NSUserDefaults+LCXCrashExtension.h */,
				76BD3D461E6BBC7E00D58D9F /* NSUserDefaults+LCXCrashExtension.m */,
				76B6F17F1E2F68350065BB3C /* NSAttributedString+LCXCrashExtension.h */,
				76B6F1801E2F68350065BB3C /* NSAttributedString+LCXCrashExtension.m */,
				76B6F1811E2F68350065BB3C /* NSMutableArray+LCXCrashExtension.h */,
				76B6F1821E2F68350065BB3C /* NSMutableArray+LCXCrashExtension.m */,
				76B6F1831E2F68350065BB3C /* NSMutableDictionary+LCXCrashExtension.h */,
				76B6F1841E2F68350065BB3C /* NSMutableDictionary+LCXCrashExtension.m */,
				76B6F1851E2F68350065BB3C /* NSObject+LCXCrashExtension.h */,
				76B6F1861E2F68350065BB3C /* NSObject+LCXCrashExtension.m */,
				76B6F1871E2F68350065BB3C /* NSString+LCXCrashExtension.h */,
				76B6F1881E2F68350065BB3C /* NSString+LCXCrashExtension.m */,
			);
			path = LCXCrashExtension;
			sourceTree = "<group>";
		};
		76B6F1891E2F68350065BB3C /* LCXProtectExtension */ = {
			isa = PBXGroup;
			children = (
				76B6F18A1E2F68350065BB3C /* LCXProtectCenter.h */,
				76B6F18B1E2F68350065BB3C /* NSArray+LCXProtecteExtension.h */,
				76B6F18C1E2F68350065BB3C /* NSArray+LCXProtecteExtension.m */,
				76B6F18D1E2F68350065BB3C /* NSDictionary+LCXProtecteExtension.h */,
				76B6F18E1E2F68350065BB3C /* NSDictionary+LCXProtecteExtension.m */,
				76B6F18F1E2F68350065BB3C /* NSString+LCXProtecteExtension.h */,
				76B6F1901E2F68350065BB3C /* NSString+LCXProtecteExtension.m */,
			);
			path = LCXProtectExtension;
			sourceTree = "<group>";
		};
		FC8319B81EF2FBBA002BBC95 /* CrashKVO */ = {
			isa = PBXGroup;
			children = (
				FC8319B91EF2FBBA002BBC95 /* CrashKVOViewController.h */,
				FC8319BA1EF2FBBA002BBC95 /* CrashKVOViewController.m */,
				FC8319E91EF356AC002BBC95 /* KVOOneViewController.h */,
				FC8319EA1EF356AC002BBC95 /* KVOOneViewController.m */,
				FC8319E31EF35194002BBC95 /* KVOTwoViewController.h */,
				FC8319E41EF35194002BBC95 /* KVOTwoViewController.m */,
				76A254791EF3B0A100D5A72D /* KVOThreeViewController.h */,
				76A2547A1EF3B0A100D5A72D /* KVOThreeViewController.m */,
				76A2547C1EF3B17800D5A72D /* KVOFourViewController.h */,
				76A2547D1EF3B17800D5A72D /* KVOFourViewController.m */,
				76A2547F1EF3B53700D5A72D /* KVOFiveViewController.h */,
				76A254801EF3B53700D5A72D /* KVOFiveViewController.m */,
				76A254821EF3B54600D5A72D /* KVOSixViewController.h */,
				76A254831EF3B54600D5A72D /* KVOSixViewController.m */,
				FC8319EF1EF35AB0002BBC95 /* KVOProtectViewController.h */,
				FC8319F01EF35AB0002BBC95 /* KVOProtectViewController.m */,
				FC8319E61EF35375002BBC95 /* KVOModel.h */,
				FC8319E71EF35375002BBC95 /* KVOModel.m */,
			);
			path = CrashKVO;
			sourceTree = "<group>";
		};
		FC8319BB1EF2FBBA002BBC95 /* CrashPush */ = {
			isa = PBXGroup;
			children = (
				FC8319BC1EF2FBBA002BBC95 /* CrashPushViewController.h */,
				FC8319BD1EF2FBBA002BBC95 /* CrashPushViewController.m */,
			);
			path = CrashPush;
			sourceTree = "<group>";
		};
		FC8319BE1EF2FBBA002BBC95 /* CrashScope */ = {
			isa = PBXGroup;
			children = (
				FC8319BF1EF2FBBA002BBC95 /* CrashArrayTableViewController.h */,
				FC8319C01EF2FBBA002BBC95 /* CrashArrayTableViewController.m */,
				FC8319C11EF2FBBA002BBC95 /* CrashDictTableViewController.h */,
				FC8319C21EF2FBBA002BBC95 /* CrashDictTableViewController.m */,
				FC8319C31EF2FBBA002BBC95 /* CrashNSStringTableViewController.h */,
				FC8319C41EF2FBBA002BBC95 /* CrashNSStringTableViewController.m */,
				FC8319C51EF2FBBA002BBC95 /* CrashScopeViewController.h */,
				FC8319C61EF2FBBA002BBC95 /* CrashScopeViewController.m */,
			);
			path = CrashScope;
			sourceTree = "<group>";
		};
		FC8319C71EF2FBBA002BBC95 /* CrashThread */ = {
			isa = PBXGroup;
			children = (
				FC8319C81EF2FBBA002BBC95 /* CrashThreadViewController.h */,
				FC8319C91EF2FBBA002BBC95 /* CrashThreadViewController.m */,
				FC8319EC1EF3598A002BBC95 /* TestModel.h */,
				FC8319ED1EF3598A002BBC95 /* TestModel.m */,
			);
			path = CrashThread;
			sourceTree = "<group>";
		};
		FC8319CA1EF2FBBA002BBC95 /* Protect */ = {
			isa = PBXGroup;
			children = (
				FC8319CB1EF2FBBA002BBC95 /* ProtecTableViewController.h */,
				FC8319CC1EF2FBBA002BBC95 /* ProtecTableViewController.m */,
			);
			path = Protect;
			sourceTree = "<group>";
		};
		FC8319D51EF2FBC7002BBC95 /* Demo */ = {
			isa = PBXGroup;
			children = (
				76B6F1671E2F67F50065BB3C /* AppDelegate.h */,
				76B6F1681E2F67F50065BB3C /* AppDelegate.m */,
				76B6F16A1E2F67F50065BB3C /* ViewController.h */,
				76B6F16B1E2F67F50065BB3C /* ViewController.m */,
				FC8319B81EF2FBBA002BBC95 /* CrashKVO */,
				FC8319BB1EF2FBBA002BBC95 /* CrashPush */,
				FC8319BE1EF2FBBA002BBC95 /* CrashScope */,
				FC8319C71EF2FBBA002BBC95 /* CrashThread */,
				FC8319CA1EF2FBBA002BBC95 /* Protect */,
				76B6F1641E2F67F50065BB3C /* Supporting Files */,
				FC8319D61EF2FC0F002BBC95 /* Other */,
			);
			name = Demo;
			sourceTree = "<group>";
		};
		FC8319D61EF2FC0F002BBC95 /* Other */ = {
			isa = PBXGroup;
			children = (
				FC8319D81EF2FC41002BBC95 /* PrefixHeader.pch */,
				FC8319D91EF2FC41002BBC95 /* UIViewController+Switcher.h */,
				FC8319DA1EF2FC41002BBC95 /* UIViewController+Switcher.m */,
			);
			path = Other;
			sourceTree = "<group>";
		};
/* End PBXGroup section */

/* Begin PBXNativeTarget section */
		76B6F1601E2F67F50065BB3C /* LCXCrashExtension */ = {
			isa = PBXNativeTarget;
			buildConfigurationList = 76B6F1781E2F67F50065BB3C /* Build configuration list for PBXNativeTarget "LCXCrashExtension" */;
			buildPhases = (
				76B6F15D1E2F67F50065BB3C /* Sources */,
				76B6F15E1E2F67F50065BB3C /* Frameworks */,
				76B6F15F1E2F67F50065BB3C /* Resources */,
			);
			buildRules = (
			);
			dependencies = (
			);
			name = LCXCrashExtension;
			productName = LCXCrashExtension;
			productReference = 76B6F1611E2F67F50065BB3C /* LCXCrashExtension.app */;
			productType = "com.apple.product-type.application";
		};
/* End PBXNativeTarget section */

/* Begin PBXProject section */
		76B6F1591E2F67F50065BB3C /* Project object */ = {
			isa = PBXProject;
			attributes = {
				LastUpgradeCheck = 0810;
				ORGANIZATIONNAME = licheng;
				TargetAttributes = {
					76B6F1601E2F67F50065BB3C = {
						CreatedOnToolsVersion = 8.1;
						DevelopmentTeam = 99B7D3UEJ3;
						ProvisioningStyle = Automatic;
					};
				};
			};
			buildConfigurationList = 76B6F15C1E2F67F50065BB3C /* Build configuration list for PBXProject "LCXCrashExtension" */;
			compatibilityVersion = "Xcode 3.2";
			developmentRegion = English;
			hasScannedForEncodings = 0;
			knownRegions = (
				en,
				Base,
			);
			mainGroup = 76B6F1581E2F67F50065BB3C;
			productRefGroup = 76B6F1621E2F67F50065BB3C /* Products */;
			projectDirPath = "";
			projectRoot = "";
			targets = (
				76B6F1601E2F67F50065BB3C /* LCXCrashExtension */,
			);
		};
/* End PBXProject section */

/* Begin PBXResourcesBuildPhase section */
		76B6F15F1E2F67F50065BB3C /* Resources */ = {
			isa = PBXResourcesBuildPhase;
			buildActionMask = 2147483647;
			files = (
				76B6F1741E2F67F50065BB3C /* LaunchScreen.storyboard in Resources */,
				76B6F1711E2F67F50065BB3C /* Assets.xcassets in Resources */,
				76B6F16F1E2F67F50065BB3C /* Main.storyboard in Resources */,
			);
			runOnlyForDeploymentPostprocessing = 0;
		};
/* End PBXResourcesBuildPhase section */

/* Begin PBXSourcesBuildPhase section */
		76B6F15D1E2F67F50065BB3C /* Sources */ = {
			isa = PBXSourcesBuildPhase;
			buildActionMask = 2147483647;
			files = (
				76BD3D441E6BBB7A00D58D9F /* NSMutableSet+LCXCrashExtension.m in Sources */,
				FC8319D31EF2FBBA002BBC95 /* CrashThreadViewController.m in Sources */,
				FC8319EB1EF356AC002BBC95 /* KVOOneViewController.m in Sources */,
				FC8319EE1EF3598A002BBC95 /* TestModel.m in Sources */,
				76B6F1961E2F68350065BB3C /* NSString+LCXCrashExtension.m in Sources */,
				FC8319CE1EF2FBBA002BBC95 /* CrashPushViewController.m in Sources */,
				FC8319E51EF35194002BBC95 /* KVOTwoViewController.m in Sources */,
				76BD3D3B1E6BABE400D58D9F /* UINavigationController+LCXCrashExtension.m in Sources */,
				FC8319D01EF2FBBA002BBC95 /* CrashDictTableViewController.m in Sources */,
				FC8319F11EF35AB0002BBC95 /* KVOProtectViewController.m in Sources */,
				76B6F16C1E2F67F50065BB3C /* ViewController.m in Sources */,
				76BD3D411E6BBACC00D58D9F /* NSSet+LCXCrashExtension.m in Sources */,
				FC8319D41EF2FBBA002BBC95 /* ProtecTableViewController.m in Sources */,
				FC8319E81EF35375002BBC95 /* KVOModel.m in Sources */,
				76B6F1941E2F68350065BB3C /* NSMutableDictionary+LCXCrashExtension.m in Sources */,
				76B6F1991E2F68350065BB3C /* NSString+LCXProtecteExtension.m in Sources */,
				76B6F1931E2F68350065BB3C /* NSMutableArray+LCXCrashExtension.m in Sources */,
				FC8319DC1EF2FC41002BBC95 /* UIViewController+Switcher.m in Sources */,
				76A254841EF3B54600D5A72D /* KVOSixViewController.m in Sources */,
				76B6F1691E2F67F50065BB3C /* AppDelegate.m in Sources */,
				76BD3D471E6BBC7E00D58D9F /* NSUserDefaults+LCXCrashExtension.m in Sources */,
				76A2547B1EF3B0A100D5A72D /* KVOThreeViewController.m in Sources */,
				76B6F1911E2F68350065BB3C /* NSArray+LCXCrashExtension.m in Sources */,
				FC8319CD1EF2FBBA002BBC95 /* CrashKVOViewController.m in Sources */,
				FC8319CF1EF2FBBA002BBC95 /* CrashArrayTableViewController.m in Sources */,
				76B6F1661E2F67F50065BB3C /* main.m in Sources */,
				76B6F1921E2F68350065BB3C /* NSAttributedString+LCXCrashExtension.m in Sources */,
				76B6F1971E2F68350065BB3C /* NSArray+LCXProtecteExtension.m in Sources */,
				76A254811EF3B53700D5A72D /* KVOFiveViewController.m in Sources */,
				76B6F1951E2F68350065BB3C /* NSObject+LCXCrashExtension.m in Sources */,
				76B6F1981E2F68350065BB3C /* NSDictionary+LCXProtecteExtension.m in Sources */,
				76A2547E1EF3B17800D5A72D /* KVOFourViewController.m in Sources */,
				FC8319D11EF2FBBA002BBC95 /* CrashNSStringTableViewController.m in Sources */,
				FC8319D21EF2FBBA002BBC95 /* CrashScopeViewController.m in Sources */,
			);
			runOnlyForDeploymentPostprocessing = 0;
		};
/* End PBXSourcesBuildPhase section */

/* Begin PBXVariantGroup section */
		76B6F16D1E2F67F50065BB3C /* Main.storyboard */ = {
			isa = PBXVariantGroup;
			children = (
				76B6F16E1E2F67F50065BB3C /* Base */,
			);
			name = Main.storyboard;
			sourceTree = "<group>";
		};
		76B6F1721E2F67F50065BB3C /* LaunchScreen.storyboard */ = {
			isa = PBXVariantGroup;
			children = (
				76B6F1731E2F67F50065BB3C /* Base */,
			);
			name = LaunchScreen.storyboard;
			sourceTree = "<group>";
		};
/* End PBXVariantGroup section */

/* Begin XCBuildConfiguration section */
		76B6F1761E2F67F50065BB3C /* Debug */ = {
			isa = XCBuildConfiguration;
			buildSettings = {
				ALWAYS_SEARCH_USER_PATHS = NO;
				CLANG_ANALYZER_NONNULL = YES;
				CLANG_CXX_LANGUAGE_STANDARD = "gnu++0x";
				CLANG_CXX_LIBRARY = "libc++";
				CLANG_ENABLE_MODULES = YES;
				CLANG_ENABLE_OBJC_ARC = YES;
				CLANG_WARN_BOOL_CONVERSION = YES;
				CLANG_WARN_CONSTANT_CONVERSION = YES;
				CLANG_WARN_DIRECT_OBJC_ISA_USAGE = YES_ERROR;
				CLANG_WARN_DOCUMENTATION_COMMENTS = YES;
				CLANG_WARN_EMPTY_BODY = YES;
				CLANG_WARN_ENUM_CONVERSION = YES;
				CLANG_WARN_INFINITE_RECURSION = YES;
				CLANG_WARN_INT_CONVERSION = YES;
				CLANG_WARN_OBJC_ROOT_CLASS = YES_ERROR;
				CLANG_WARN_SUSPICIOUS_MOVES = YES;
				CLANG_WARN_UNREACHABLE_CODE = YES;
				CLANG_WARN__DUPLICATE_METHOD_MATCH = YES;
				"CODE_SIGN_IDENTITY[sdk=iphoneos*]" = "iPhone Developer";
				COPY_PHASE_STRIP = NO;
				DEBUG_INFORMATION_FORMAT = dwarf;
				ENABLE_STRICT_OBJC_MSGSEND = YES;
				ENABLE_TESTABILITY = YES;
				GCC_C_LANGUAGE_STANDARD = gnu99;
				GCC_DYNAMIC_NO_PIC = NO;
				GCC_NO_COMMON_BLOCKS = YES;
				GCC_OPTIMIZATION_LEVEL = 0;
				GCC_PREPROCESSOR_DEFINITIONS = (
					"DEBUG=1",
					"$(inherited)",
				);
				GCC_WARN_64_TO_32_BIT_CONVERSION = YES;
				GCC_WARN_ABOUT_RETURN_TYPE = YES_ERROR;
				GCC_WARN_UNDECLARED_SELECTOR = YES;
				GCC_WARN_UNINITIALIZED_AUTOS = YES_AGGRESSIVE;
				GCC_WARN_UNUSED_FUNCTION = YES;
				GCC_WARN_UNUSED_VARIABLE = YES;
				IPHONEOS_DEPLOYMENT_TARGET = 10.1;
				MTL_ENABLE_DEBUG_INFO = YES;
				ONLY_ACTIVE_ARCH = YES;
				SDKROOT = iphoneos;
			};
			name = Debug;
		};
		76B6F1771E2F67F50065BB3C /* Release */ = {
			isa = XCBuildConfiguration;
			buildSettings = {
				ALWAYS_SEARCH_USER_PATHS = NO;
				CLANG_ANALYZER_NONNULL = YES;
				CLANG_CXX_LANGUAGE_STANDARD = "gnu++0x";
				CLANG_CXX_LIBRARY = "libc++";
				CLANG_ENABLE_MODULES = YES;
				CLANG_ENABLE_OBJC_ARC = YES;
				CLANG_WARN_BOOL_CONVERSION = YES;
				CLANG_WARN_CONSTANT_CONVERSION = YES;
				CLANG_WARN_DIRECT_OBJC_ISA_USAGE = YES_ERROR;
				CLANG_WARN_DOCUMENTATION_COMMENTS = YES;
				CLANG_WARN_EMPTY_BODY = YES;
				CLANG_WARN_ENUM_CONVERSION = YES;
				CLANG_WARN_INFINITE_RECURSION = YES;
				CLANG_WARN_INT_CONVERSION = YES;
				CLANG_WARN_OBJC_ROOT_CLASS = YES_ERROR;
				CLANG_WARN_SUSPICIOUS_MOVES = YES;
				CLANG_WARN_UNREACHABLE_CODE = YES;
				CLANG_WARN__DUPLICATE_METHOD_MATCH = YES;
				"CODE_SIGN_IDENTITY[sdk=iphoneos*]" = "iPhone Developer";
				COPY_PHASE_STRIP = NO;
				DEBUG_INFORMATION_FORMAT = "dwarf-with-dsym";
				ENABLE_NS_ASSERTIONS = NO;
				ENABLE_STRICT_OBJC_MSGSEND = YES;
				GCC_C_LANGUAGE_STANDARD = gnu99;
				GCC_NO_COMMON_BLOCKS = YES;
				GCC_WARN_64_TO_32_BIT_CONVERSION = YES;
				GCC_WARN_ABOUT_RETURN_TYPE = YES_ERROR;
				GCC_WARN_UNDECLARED_SELECTOR = YES;
				GCC_WARN_UNINITIALIZED_AUTOS = YES_AGGRESSIVE;
				GCC_WARN_UNUSED_FUNCTION = YES;
				GCC_WARN_UNUSED_VARIABLE = YES;
				IPHONEOS_DEPLOYMENT_TARGET = 10.1;
				MTL_ENABLE_DEBUG_INFO = NO;
				SDKROOT = iphoneos;
				VALIDATE_PRODUCT = YES;
			};
			name = Release;
		};
		76B6F1791E2F67F50065BB3C /* Debug */ = {
			isa = XCBuildConfiguration;
			buildSettings = {
				ASSETCATALOG_COMPILER_APPICON_NAME = AppIcon;
				DEVELOPMENT_TEAM = 99B7D3UEJ3;
				GCC_PREFIX_HEADER = "${SRCROOT}/LCXCrashExtension/Other/PrefixHeader.pch";
				INFOPLIST_FILE = LCXCrashExtension/Info.plist;
				IPHONEOS_DEPLOYMENT_TARGET = 8.0;
				LD_RUNPATH_SEARCH_PATHS = "$(inherited) @executable_path/Frameworks";
				PRODUCT_BUNDLE_IDENTIFIER = com.licheng.LCXCrashExtension;
				PRODUCT_NAME = "$(TARGET_NAME)";
			};
			name = Debug;
		};
		76B6F17A1E2F67F50065BB3C /* Release */ = {
			isa = XCBuildConfiguration;
			buildSettings = {
				ASSETCATALOG_COMPILER_APPICON_NAME = AppIcon;
				DEVELOPMENT_TEAM = 99B7D3UEJ3;
				GCC_PREFIX_HEADER = "${SRCROOT}/LCXCrashExtension/Other/PrefixHeader.pch";
				INFOPLIST_FILE = LCXCrashExtension/Info.plist;
				IPHONEOS_DEPLOYMENT_TARGET = 8.0;
				LD_RUNPATH_SEARCH_PATHS = "$(inherited) @executable_path/Frameworks";
				PRODUCT_BUNDLE_IDENTIFIER = com.licheng.LCXCrashExtension;
				PRODUCT_NAME = "$(TARGET_NAME)";
			};
			name = Release;
		};
/* End XCBuildConfiguration section */

/* Begin XCConfigurationList section */
		76B6F15C1E2F67F50065BB3C /* Build configuration list for PBXProject "LCXCrashExtension" */ = {
			isa = XCConfigurationList;
			buildConfigurations = (
				76B6F1761E2F67F50065BB3C /* Debug */,
				76B6F1771E2F67F50065BB3C /* Release */,
			);
			defaultConfigurationIsVisible = 0;
			defaultConfigurationName = Release;
		};
		76B6F1781E2F67F50065BB3C /* Build configuration list for PBXNativeTarget "LCXCrashExtension" */ = {
			isa = XCConfigurationList;
			buildConfigurations = (
				76B6F1791E2F67F50065BB3C /* Debug */,
				76B6F17A1E2F67F50065BB3C /* Release */,
			);
			defaultConfigurationIsVisible = 0;
			defaultConfigurationName = Release;
		};
/* End XCConfigurationList section */
	};
	rootObject = 76B6F1591E2F67F50065BB3C /* Project object */;
}
